
Microsoft Visual Studio Solution File, Format Version 12.00
Project("{FAE04EC0-301F-11D3-BF4B-00C04F79EFBC}") = "TaskLimitor", "TaskLimitor.csproj", "{BCFC845D-F49B-4EB7-805B-D92C0C09FABA}"
EndProject
Global
	GlobalSection(SolutionConfigurationPlatforms) = preSolution
		Debug|Any CPU = Debug|Any CPU
		Release|Any CPU = Release|Any CPU
	EndGlobalSection
	GlobalSection(ProjectConfigurationPlatforms) = postSolution
		{BCFC845D-F49B-4EB7-805B-D92C0C09FABA}.Debug|Any CPU.ActiveCfg = Debug|Any CPU
		{BCFC845D-F49B-4EB7-805B-D92C0C09FABA}.Debug|Any CPU.Build.0 = Debug|Any CPU
		{BCFC845D-F49B-4EB7-805B-D92C0C09FABA}.Release|Any CPU.ActiveCfg = Release|Any CPU
		{BCFC845D-F49B-4EB7-805B-D92C0C09FABA}.Release|Any CPU.Build.0 = Release|Any CPU
	EndGlobalSection
EndGlobal
